// !$*UTF8*$!
{
	archiveVersion = 1;
	classes = {
	};
	objectVersion = 50;
	objects = {

/* Begin PBXBuildFile section */
		28AE46452525F37900CECC41 /* AppDelegate.swift in Sources */ = {isa = PBXBuildFile; fileRef = 28AE46442525F37900CECC41 /* AppDelegate.swift */; };
		28AE46472525F37900CECC41 /* SceneDelegate.swift in Sources */ = {isa = PBXBuildFile; fileRef = 28AE46462525F37900CECC41 /* SceneDelegate.swift */; };
		28AE46492525F37900CECC41 /* ViewController.swift in Sources */ = {isa = PBXBuildFile; fileRef = 28AE46482525F37900CECC41 /* ViewController.swift */; };
		28AE464C2525F37900CECC41 /* Main.storyboard in Resources */ = {isa = PBXBuildFile; fileRef = 28AE464A2525F37900CECC41 /* Main.storyboard */; };
		28AE464E2525F37F00CECC41 /* Assets.xcassets in Resources */ = {isa = PBXBuildFile; fileRef = 28AE464D2525F37F00CECC41 /* Assets.xcassets */; };
		28AE46512525F37F00CECC41 /* LaunchScreen.storyboard in Resources */ = {isa = PBXBuildFile; fileRef = 28AE464F2525F37F00CECC41 /* LaunchScreen.storyboard */; };
		28AE465C2525F37F00CECC41 /* HW4___ResumeTests.swift in Sources */ = {isa = PBXBuildFile; fileRef = 28AE465B2525F37F00CECC41 /* HW4___ResumeTests.swift */; };
		28AE46672525F37F00CECC41 /* HW4___ResumeUITests.swift in Sources */ = {isa = PBXBuildFile; fileRef = 28AE46662525F37F00CECC41 /* HW4___ResumeUITests.swift */; };
/* End PBXBuildFile section */

/* Begin PBXContainerItemProxy section */
		28AE46582525F37F00CECC41 /* PBXContainerItemProxy */ = {
			isa = PBXContainerItemProxy;
			containerPortal = 28AE46392525F37900CECC41 /* Project object */;
			proxyType = 1;
			remoteGlobalIDString = 28AE46402525F37900CECC41;
			remoteInfo = "HW4 - Resume";
		};
		28AE46632525F37F00CECC41 /* PBXContainerItemProxy */ = {
			isa = PBXContainerItemProxy;
			containerPortal = 28AE46392525F37900CECC41 /* Project object */;
			proxyType = 1;
			remoteGlobalIDString = 28AE46402525F37900CECC41;
			remoteInfo = "HW4 - Resume";
		};
/* End PBXContainerItemProxy section */

/* Begin PBXFileReference section */
		28AE46412525F37900CECC41 /* HW4 - Resume.app */ = {isa = PBXFileReference; explicitFileType = wrapper.application; includeInIndex = 0; path = "HW4 - Resume.app"; sourceTree = BUILT_PRODUCTS_DIR; };
		28AE46442525F37900CECC41 /* AppDelegate.swift */ = {isa = PBXFileReference; lastKnownFileType = sourcecode.swift; path = AppDelegate.swift; sourceTree = "<group>"; };
		28AE46462525F37900CECC41 /* SceneDelegate.swift */ = {isa = PBXFileReference; lastKnownFileType = sourcecode.swift; path = SceneDelegate.swift; sourceTree = "<group>"; };
		28AE46482525F37900CECC41 /* ViewController.swift */ = {isa = PBXFileReference; lastKnownFileType = sourcecode.swift; path = ViewController.swift; sourceTree = "<group>"; };
		28AE464B2525F37900CECC41 /* Base */ = {isa = PBXFileReference; lastKnownFileType = file.storyboard; name = Base; path = Base.lproj/Main.storyboard; sourceTree = "<group>"; };
		28AE464D2525F37F00CECC41 /* Assets.xcassets */ = {isa = PBXFileReference; lastKnownFileType = folder.assetcatalog; path = Assets.xcassets; sourceTree = "<group>"; };
		28AE46502525F37F00CECC41 /* Base */ = {isa = PBXFileReference; lastKnownFileType = file.storyboard; name = Base; path = Base.lproj/LaunchScreen.storyboard; sourceTree = "<group>"; };
		28AE46522525F37F00CECC41 /* Info.plist */ = {isa = PBXFileReference; lastKnownFileType = text.plist.xml; path = Info.plist; sourceTree = "<group>"; };
		28AE46572525F37F00CECC41 /* HW4 - ResumeTests.xctest */ = {isa = PBXFileReference; explicitFileType = wrapper.cfbundle; includeInIndex = 0; path = "HW4 - ResumeTests.xctest"; sourceTree = BUILT_PRODUCTS_DIR; };
		28AE465B2525F37F00CECC41 /* HW4___ResumeTests.swift */ = {isa = PBXFileReference; lastKnownFileType = sourcecode.swift; path = "HW4___ResumeTests.swift"; sourceTree = "<group>"; };
		28AE465D2525F37F00CECC41 /* Info.plist */ = {isa = PBXFileReference; lastKnownFileType = text.plist.xml; path = Info.plist; sourceTree = "<group>"; };
		28AE46622525F37F00CECC41 /* HW4 - ResumeUITests.xctest */ = {isa = PBXFileReference; explicitFileType = wrapper.cfbundle; includeInIndex = 0; path = "HW4 - ResumeUITests.xctest"; sourceTree = BUILT_PRODUCTS_DIR; };
		28AE46662525F37F00CECC41 /* HW4___ResumeUITests.swift */ = {isa = PBXFileReference; lastKnownFileType = sourcecode.swift; path = "HW4___ResumeUITests.swift"; sourceTree = "<group>"; };
		28AE46682525F37F00CECC41 /* Info.plist */ = {isa = PBXFileReference; lastKnownFileType = text.plist.xml; path = Info.plist; sourceTree = "<group>"; };
/* End PBXFileReference section */

/* Begin PBXFrameworksBuildPhase section */
		28AE463E2525F37900CECC41 /* Frameworks */ = {
			isa = PBXFrameworksBuildPhase;
			buildActionMask = 2147483647;
			files = (
			);
			runOnlyForDeploymentPostprocessing = 0;
		};
		28AE46542525F37F00CECC41 /* Frameworks */ = {
			isa = PBXFrameworksBuildPhase;
			buildActionMask = 2147483647;
			files = (
			);
			runOnlyForDeploymentPostprocessing = 0;
		};
		28AE465F2525F37F00CECC41 /* Frameworks */ = {
			isa = PBXFrameworksBuildPhase;
			buildActionMask = 2147483647;
			files = (
			);
			runOnlyForDeploymentPostprocessing = 0;
		};
/* End PBXFrameworksBuildPhase section */

/* Begin PBXGroup section */
		28AE46382525F37900CECC41 = {
			isa = PBXGroup;
			children = (
				28AE46432525F37900CECC41 /* HW4 - Resume */,
				28AE465A2525F37F00CECC41 /* HW4 - ResumeTests */,
				28AE46652525F37F00CECC41 /* HW4 - ResumeUITests */,
				28AE46422525F37900CECC41 /* Products */,
			);
			sourceTree = "<group>";
		};
		28AE46422525F37900CECC41 /* Products */ = {
			isa = PBXGroup;
			children = (
				28AE46412525F37900CECC41 /* HW4 - Resume.app */,
				28AE46572525F37F00CECC41 /* HW4 - ResumeTests.xctest */,
				28AE46622525F37F00CECC41 /* HW4 - ResumeUITests.xctest */,
			);
			name = Products;
			sourceTree = "<group>";
		};
		28AE46432525F37900CECC41 /* HW4 - Resume */ = {
			isa = PBXGroup;
			children = (
				28AE46442525F37900CECC41 /* AppDelegate.swift */,
				28AE46462525F37900CECC41 /* SceneDelegate.swift */,
				28AE46482525F37900CECC41 /* ViewController.swift */,
				28AE464A2525F37900CECC41 /* Main.storyboard */,
				28AE464D2525F37F00CECC41 /* Assets.xcassets */,
				28AE464F2525F37F00CECC41 /* LaunchScreen.storyboard */,
				28AE46522525F37F00CECC41 /* Info.plist */,
			);
			path = "HW4 - Resume";
			sourceTree = "<group>";
		};
		28AE465A2525F37F00CECC41 /* HW4 - ResumeTests */ = {
			isa = PBXGroup;
			children = (
				28AE465B2525F37F00CECC41 /* HW4___ResumeTests.swift */,
				28AE465D2525F37F00CECC41 /* Info.plist */,
			);
			path = "HW4 - ResumeTests";
			sourceTree = "<group>";
		};
		28AE46652525F37F00CECC41 /* HW4 - ResumeUITests */ = {
			isa = PBXGroup;
			children = (
				28AE46662525F37F00CECC41 /* HW4___ResumeUITests.swift */,
				28AE46682525F37F00CECC41 /* Info.plist */,
			);
			path = "HW4 - ResumeUITests";
			sourceTree = "<group>";
		};
/* End PBXGroup section */

/* Begin PBXNativeTarget section */
		28AE46402525F37900CECC41 /* HW4 - Resume */ = {
			isa = PBXNativeTarget;
			buildConfigurationList = 28AE466B2525F37F00CECC41 /* Build configuration list for PBXNativeTarget "HW4 - Resume" */;
			buildPhases = (
				28AE463D2525F37900CECC41 /* Sources */,
				28AE463E2525F37900CECC41 /* Frameworks */,
				28AE463F2525F37900CECC41 /* Resources */,
			);
			buildRules = (
			);
			dependencies = (
			);
			name = "HW4 - Resume";
			productName = "HW4 - Resume";
			productReference = 28AE46412525F37900CECC41 /* HW4 - Resume.app */;
			productType = "com.apple.product-type.application";
		};
		28AE46562525F37F00CECC41 /* HW4 - ResumeTests */ = {
			isa = PBXNativeTarget;
			buildConfigurationList = 28AE466E2525F37F00CECC41 /* Build configuration list for PBXNativeTarget "HW4 - ResumeTests" */;
			buildPhases = (
				28AE46532525F37F00CECC41 /* Sources */,
				28AE46542525F37F00CECC41 /* Frameworks */,
				28AE46552525F37F00CECC41 /* Resources */,
			);
			buildRules = (
			);
			dependencies = (
				28AE46592525F37F00CECC41 /* PBXTargetDependency */,
			);
			name = "HW4 - ResumeTests";
			productName = "HW4 - ResumeTests";
			productReference = 28AE46572525F37F00CECC41 /* HW4 - ResumeTests.xctest */;
			productType = "com.apple.product-type.bundle.unit-test";
		};
		28AE46612525F37F00CECC41 /* HW4 - ResumeUITests */ = {
			isa = PBXNativeTarget;
			buildConfigurationList = 28AE46712525F37F00CECC41 /* Build configuration list for PBXNativeTarget "HW4 - ResumeUITests" */;
			buildPhases = (
				28AE465E2525F37F00CECC41 /* Sources */,
				28AE465F2525F37F00CECC41 /* Frameworks */,
				28AE46602525F37F00CECC41 /* Resources */,
			);
			buildRules = (
			);
			dependencies = (
				28AE46642525F37F00CECC41 /* PBXTargetDependency */,
			);
			name = "HW4 - ResumeUITests";
			productName = "HW4 - ResumeUITests";
			productReference = 28AE46622525F37F00CECC41 /* HW4 - ResumeUITests.xctest */;
			productType = "com.apple.product-type.bundle.ui-testing";
		};
/* End PBXNativeTarget section */

/* Begin PBXProject section */
		28AE46392525F37900CECC41 /* Project object */ = {
			isa = PBXProject;
			attributes = {
				LastSwiftUpdateCheck = 1200;
				LastUpgradeCheck = 1200;
				TargetAttributes = {
					28AE46402525F37900CECC41 = {
						CreatedOnToolsVersion = 12.0.1;
					};
					28AE46562525F37F00CECC41 = {
						CreatedOnToolsVersion = 12.0.1;
						TestTargetID = 28AE46402525F37900CECC41;
					};
					28AE46612525F37F00CECC41 = {
						CreatedOnToolsVersion = 12.0.1;
						TestTargetID = 28AE46402525F37900CECC41;
					};
				};
			};
			buildConfigurationList = 28AE463C2525F37900CECC41 /* Build configuration list for PBXProject "HW4 - Resume" */;
			compatibilityVersion = "Xcode 9.3";
			developmentRegion = en;
			hasScannedForEncodings = 0;
			knownRegions = (
				en,
				Base,
			);
			mainGroup = 28AE46382525F37900CECC41;
			productRefGroup = 28AE46422525F37900CECC41 /* Products */;
			projectDirPath = "";
			projectRoot = "";
			targets = (
				28AE46402525F37900CECC41 /* HW4 - Resume */,
				28AE46562525F37F00CECC41 /* HW4 - ResumeTests */,
				28AE46612525F37F00CECC41 /* HW4 - ResumeUITests */,
			);
		};
/* End PBXProject section */

/* Begin PBXResourcesBuildPhase section */
		28AE463F2525F37900CECC41 /* Resources */ = {
			isa = PBXResourcesBuildPhase;
			buildActionMask = 2147483647;
			files = (
				28AE46512525F37F00CECC41 /* LaunchScreen.storyboard in Resources */,
				28AE464E2525F37F00CECC41 /* Assets.xcassets in Resources */,
				28AE464C2525F37900CECC41 /* Main.storyboard in Resources */,
			);
			runOnlyForDeploymentPostprocessing = 0;
		};
		28AE46552525F37F00CECC41 /* Resources */ = {
			isa = PBXResourcesBuildPhase;
			buildActionMask = 2147483647;
			files = (
			);
			runOnlyForDeploymentPostprocessing = 0;
		};
		28AE46602525F37F00CECC41 /* Resources */ = {
			isa = PBXResourcesBuildPhase;
			buildActionMask = 2147483647;
			files = (
			);
			runOnlyForDeploymentPostprocessing = 0;
		};
/* End PBXResourcesBuildPhase section */

/* Begin PBXSourcesBuildPhase section */
		28AE463D2525F37900CECC41 /* Sources */ = {
			isa = PBXSourcesBuildPhase;
			buildActionMask = 2147483647;
			files = (
				28AE46492525F37900CECC41 /* ViewController.swift in Sources */,
				28AE46452525F37900CECC41 /* AppDelegate.swift in Sources */,
				28AE46472525F37900CECC41 /* SceneDelegate.swift in Sources */,
			);
			runOnlyForDeploymentPostprocessing = 0;
		};
		28AE46532525F37F00CECC41 /* Sources */ = {
			isa = PBXSourcesBuildPhase;
			buildActionMask = 2147483647;
			files = (
				28AE465C2525F37F00CECC41 /* HW4___ResumeTests.swift in Sources */,
			);
			runOnlyForDeploymentPostprocessing = 0;
		};
		28AE465E2525F37F00CECC41 /* Sources */ = {
			isa = PBXSourcesBuildPhase;
			buildActionMask = 2147483647;
			files = (
				28AE46672525F37F00CECC41 /* HW4___ResumeUITests.swift in Sources */,
			);
			runOnlyForDeploymentPostprocessing = 0;
		};
/* End PBXSourcesBuildPhase section */

/* Begin PBXTargetDependency section */
		28AE46592525F37F00CECC41 /* PBXTargetDependency */ = {
			isa = PBXTargetDependency;
			target = 28AE46402525F37900CECC41 /* HW4 - Resume */;
			targetProxy = 28AE46582525F37F00CECC41 /* PBXContainerItemProxy */;
		};
		28AE46642525F37F00CECC41 /* PBXTargetDependency */ = {
			isa = PBXTargetDependency;
			target = 28AE46402525F37900CECC41 /* HW4 - Resume */;
			targetProxy = 28AE46632525F37F00CECC41 /* PBXContainerItemProxy */;
		};
/* End PBXTargetDependency section */

/* Begin PBXVariantGroup section */
		28AE464A2525F37900CECC41 /* Main.storyboard */ = {
			isa = PBXVariantGroup;
			children = (
				28AE464B2525F37900CECC41 /* Base */,
			);
			name = Main.storyboard;
			sourceTree = "<group>";
		};
		28AE464F2525F37F00CECC41 /* LaunchScreen.storyboard */ = {
			isa = PBXVariantGroup;
			children = (
				28AE46502525F37F00CECC41 /* Base */,
			);
			name = LaunchScreen.storyboard;
			sourceTree = "<group>";
		};
/* End PBXVariantGroup section */

/* Begin XCBuildConfiguration section */
		28AE46692525F37F00CECC41 /* Debug */ = {
			isa = XCBuildConfiguration;
			buildSettings = {
				ALWAYS_SEARCH_USER_PATHS = NO;
				CLANG_ANALYZER_NONNULL = YES;
				CLANG_ANALYZER_NUMBER_OBJECT_CONVERSION = YES_AGGRESSIVE;
				CLANG_CXX_LANGUAGE_STANDARD = "gnu++14";
				CLANG_CXX_LIBRARY = "libc++";
				CLANG_ENABLE_MODULES = YES;
				CLANG_ENABLE_OBJC_ARC = YES;
				CLANG_ENABLE_OBJC_WEAK = YES;
				CLANG_WARN_BLOCK_CAPTURE_AUTORELEASING = YES;
				CLANG_WARN_BOOL_CONVERSION = YES;
				CLANG_WARN_COMMA = YES;
				CLANG_WARN_CONSTANT_CONVERSION = YES;
				CLANG_WARN_DEPRECATED_OBJC_IMPLEMENTATIONS = YES;
				CLANG_WARN_DIRECT_OBJC_ISA_USAGE = YES_ERROR;
				CLANG_WARN_DOCUMENTATION_COMMENTS = YES;
				CLANG_WARN_EMPTY_BODY = YES;
				CLANG_WARN_ENUM_CONVERSION = YES;
				CLANG_WARN_INFINITE_RECURSION = YES;
				CLANG_WARN_INT_CONVERSION = YES;
				CLANG_WARN_NON_LITERAL_NULL_CONVERSION = YES;
				CLANG_WARN_OBJC_IMPLICIT_RETAIN_SELF = YES;
				CLANG_WARN_OBJC_LITERAL_CONVERSION = YES;
				CLANG_WARN_OBJC_ROOT_CLASS = YES_ERROR;
				CLANG_WARN_QUOTED_INCLUDE_IN_FRAMEWORK_HEADER = YES;
				CLANG_WARN_RANGE_LOOP_ANALYSIS = YES;
				CLANG_WARN_STRICT_PROTOTYPES = YES;
				CLANG_WARN_SUSPICIOUS_MOVE = YES;
				CLANG_WARN_UNGUARDED_AVAILABILITY = YES_AGGRESSIVE;
				CLANG_WARN_UNREACHABLE_CODE = YES;
				CLANG_WARN__DUPLICATE_METHOD_MATCH = YES;
				COPY_PHASE_STRIP = NO;
				DEBUG_INFORMATION_FORMAT = dwarf;
				ENABLE_STRICT_OBJC_MSGSEND = YES;
				ENABLE_TESTABILITY = YES;
				GCC_C_LANGUAGE_STANDARD = gnu11;
				GCC_DYNAMIC_NO_PIC = NO;
				GCC_NO_COMMON_BLOCKS = YES;
				GCC_OPTIMIZATION_LEVEL = 0;
				GCC_PREPROCESSOR_DEFINITIONS = (
					"DEBUG=1",
					"$(inherited)",
				);
				GCC_WARN_64_TO_32_BIT_CONVERSION = YES;
				GCC_WARN_ABOUT_RETURN_TYPE = YES_ERROR;
				GCC_WARN_UNDECLARED_SELECTOR = YES;
				GCC_WARN_UNINITIALIZED_AUTOS = YES_AGGRESSIVE;
				GCC_WARN_UNUSED_FUNCTION = YES;
				GCC_WARN_UNUSED_VARIABLE = YES;
				IPHONEOS_DEPLOYMENT_TARGET = 14.0;
				MTL_ENABLE_DEBUG_INFO = INCLUDE_SOURCE;
				MTL_FAST_MATH = YES;
				ONLY_ACTIVE_ARCH = YES;
				SDKROOT = iphoneos;
				SWIFT_ACTIVE_COMPILATION_CONDITIONS = DEBUG;
				SWIFT_OPTIMIZATION_LEVEL = "-Onone";
			};
			name = Debug;
		};
		28AE466A2525F37F00CECC41 /* Release */ = {
			isa = XCBuildConfiguration;
			buildSettings = {
				ALWAYS_SEARCH_USER_PATHS = NO;
				CLANG_ANALYZER_NONNULL = YES;
				CLANG_ANALYZER_NUMBER_OBJECT_CONVERSION = YES_AGGRESSIVE;
				CLANG_CXX_LANGUAGE_STANDARD = "gnu++14";
				CLANG_CXX_LIBRARY = "libc++";
				CLANG_ENABLE_MODULES = YES;
				CLANG_ENABLE_OBJC_ARC = YES;
				CLANG_ENABLE_OBJC_WEAK = YES;
				CLANG_WARN_BLOCK_CAPTURE_AUTORELEASING = YES;
				CLANG_WARN_BOOL_CONVERSION = YES;
				CLANG_WARN_COMMA = YES;
				CLANG_WARN_CONSTANT_CONVERSION = YES;
				CLANG_WARN_DEPRECATED_OBJC_IMPLEMENTATIONS = YES;
				CLANG_WARN_DIRECT_OBJC_ISA_USAGE = YES_ERROR;
				CLANG_WARN_DOCUMENTATION_COMMENTS = YES;
				CLANG_WARN_EMPTY_BODY = YES;
				CLANG_WARN_ENUM_CONVERSION = YES;
				CLANG_WARN_INFINITE_RECURSION = YES;
				CLANG_WARN_INT_CONVERSION = YES;
				CLANG_WARN_NON_LITERAL_NULL_CONVERSION = YES;
				CLANG_WARN_OBJC_IMPLICIT_RETAIN_SELF = YES;
				CLANG_WARN_OBJC_LITERAL_CONVERSION = YES;
				CLANG_WARN_OBJC_ROOT_CLASS = YES_ERROR;
				CLANG_WARN_QUOTED_INCLUDE_IN_FRAMEWORK_HEADER = YES;
				CLANG_WARN_RANGE_LOOP_ANALYSIS = YES;
				CLANG_WARN_STRICT_PROTOTYPES = YES;
				CLANG_WARN_SUSPICIOUS_MOVE = YES;
				CLANG_WARN_UNGUARDED_AVAILABILITY = YES_AGGRESSIVE;
				CLANG_WARN_UNREACHABLE_CODE = YES;
				CLANG_WARN__DUPLICATE_METHOD_MATCH = YES;
				COPY_PHASE_STRIP = NO;
				DEBUG_INFORMATION_FORMAT = "dwarf-with-dsym";
				ENABLE_NS_ASSERTIONS = NO;
				ENABLE_STRICT_OBJC_MSGSEND = YES;
				GCC_C_LANGUAGE_STANDARD = gnu11;
				GCC_NO_COMMON_BLOCKS = YES;
				GCC_WARN_64_TO_32_BIT_CONVERSION = YES;
				GCC_WARN_ABOUT_RETURN_TYPE = YES_ERROR;
				GCC_WARN_UNDECLARED_SELECTOR = YES;
				GCC_WARN_UNINITIALIZED_AUTOS = YES_AGGRESSIVE;
				GCC_WARN_UNUSED_FUNCTION = YES;
				GCC_WARN_UNUSED_VARIABLE = YES;
				IPHONEOS_DEPLOYMENT_TARGET = 14.0;
				MTL_ENABLE_DEBUG_INFO = NO;
				MTL_FAST_MATH = YES;
				SDKROOT = iphoneos;
				SWIFT_COMPILATION_MODE = wholemodule;
				SWIFT_OPTIMIZATION_LEVEL = "-O";
				VALIDATE_PRODUCT = YES;
			};
			name = Release;
		};
		28AE466C2525F37F00CECC41 /* Debug */ = {
			isa = XCBuildConfiguration;
			buildSettings = {
				ASSETCATALOG_COMPILER_APPICON_NAME = AppIcon;
				ASSETCATALOG_COMPILER_GLOBAL_ACCENT_COLOR_NAME = AccentColor;
				CODE_SIGN_STYLE = Automatic;
				DEVELOPMENT_TEAM = P6332547AA;
				INFOPLIST_FILE = "HW4 - Resume/Info.plist";
				LD_RUNPATH_SEARCH_PATHS = (
					"$(inherited)",
					"@executable_path/Frameworks",
				);
				PRODUCT_BUNDLE_IDENTIFIER = "com.tkachenkosj.HW4---Resume";
				PRODUCT_NAME = "$(TARGET_NAME)";
				SWIFT_VERSION = 5.0;
				TARGETED_DEVICE_FAMILY = "1,2";
			};
			name = Debug;
		};
		28AE466D2525F37F00CECC41 /* Release */ = {
			isa = XCBuildConfiguration;
			buildSettings = {
				ASSETCATALOG_COMPILER_APPICON_NAME = AppIcon;
				ASSETCATALOG_COMPILER_GLOBAL_ACCENT_COLOR_NAME = AccentColor;
				CODE_SIGN_STYLE = Automatic;
				DEVELOPMENT_TEAM = P6332547AA;
				INFOPLIST_FILE = "HW4 - Resume/Info.plist";
				LD_RUNPATH_SEARCH_PATHS = (
					"$(inherited)",
					"@executable_path/Frameworks",
				);
				PRODUCT_BUNDLE_IDENTIFIER = "com.tkachenkosj.HW4---Resume";
				PRODUCT_NAME = "$(TARGET_NAME)";
				SWIFT_VERSION = 5.0;
				TARGETED_DEVICE_FAMILY = "1,2";
			};
			name = Release;
		};
		28AE466F2525F37F00CECC41 /* Debug */ = {
			isa = XCBuildConfiguration;
			buildSettings = {
				ALWAYS_EMBED_SWIFT_STANDARD_LIBRARIES = YES;
				BUNDLE_LOADER = "$(TEST_HOST)";
				CODE_SIGN_STYLE = Automatic;
				DEVELOPMENT_TEAM = P6332547AA;
				INFOPLIST_FILE = "HW4 - ResumeTests/Info.plist";
				IPHONEOS_DEPLOYMENT_TARGET = 14.0;
				LD_RUNPATH_SEARCH_PATHS = (
					"$(inherited)",
					"@executable_path/Frameworks",
					"@loader_path/Frameworks",
				);
				PRODUCT_BUNDLE_IDENTIFIER = "com.tkachenkosj.HW4---ResumeTests";
				PRODUCT_NAME = "$(TARGET_NAME)";
				SWIFT_VERSION = 5.0;
				TARGETED_DEVICE_FAMILY = "1,2";
				TEST_HOST = "$(BUILT_PRODUCTS_DIR)/HW4 - Resume.app/HW4 - Resume";
			};
			name = Debug;
		};
		28AE46702525F37F00CECC41 /* Release */ = {
			isa = XCBuildConfiguration;
			buildSettings = {
				ALWAYS_EMBED_SWIFT_STANDARD_LIBRARIES = YES;
				BUNDLE_LOADER = "$(TEST_HOST)";
				CODE_SIGN_STYLE = Automatic;
				DEVELOPMENT_TEAM = P6332547AA;
				INFOPLIST_FILE = "HW4 - ResumeTests/Info.plist";
				IPHONEOS_DEPLOYMENT_TARGET = 14.0;
				LD_RUNPATH_SEARCH_PATHS = (
					"$(inherited)",
					"@executable_path/Frameworks",
					"@loader_path/Frameworks",
				);
				PRODUCT_BUNDLE_IDENTIFIER = "com.tkachenkosj.HW4---ResumeTests";
				PRODUCT_NAME = "$(TARGET_NAME)";
				SWIFT_VERSION = 5.0;
				TARGETED_DEVICE_FAMILY = "1,2";
				TEST_HOST = "$(BUILT_PRODUCTS_DIR)/HW4 - Resume.app/HW4 - Resume";
			};
			name = Release;
		};
		28AE46722525F37F00CECC41 /* Debug */ = {
			isa = XCBuildConfiguration;
			buildSettings = {
				ALWAYS_EMBED_SWIFT_STANDARD_LIBRARIES = YES;
				CODE_SIGN_STYLE = Automatic;
				DEVELOPMENT_TEAM = P6332547AA;
				INFOPLIST_FILE = "HW4 - ResumeUITests/Info.plist";
				LD_RUNPATH_SEARCH_PATHS = (
					"$(inherited)",
					"@executable_path/Frameworks",
					"@loader_path/Frameworks",
				);
				PRODUCT_BUNDLE_IDENTIFIER = "com.tkachenkosj.HW4---ResumeUITests";
				PRODUCT_NAME = "$(TARGET_NAME)";
				SWIFT_VERSION = 5.0;
				TARGETED_DEVICE_FAMILY = "1,2";
				TEST_TARGET_NAME = "HW4 - Resume";
			};
			name = Debug;
		};
		28AE46732525F37F00CECC41 /* Release */ = {
			isa = XCBuildConfiguration;
			buildSettings = {
				ALWAYS_EMBED_SWIFT_STANDARD_LIBRARIES = YES;
				CODE_SIGN_STYLE = Automatic;
				DEVELOPMENT_TEAM = P6332547AA;
				INFOPLIST_FILE = "HW4 - ResumeUITests/Info.plist";
				LD_RUNPATH_SEARCH_PATHS = (
					"$(inherited)",
					"@executable_path/Frameworks",
					"@loader_path/Frameworks",
				);
				PRODUCT_BUNDLE_IDENTIFIER = "com.tkachenkosj.HW4---ResumeUITests";
				PRODUCT_NAME = "$(TARGET_NAME)";
				SWIFT_VERSION = 5.0;
				TARGETED_DEVICE_FAMILY = "1,2";
				TEST_TARGET_NAME = "HW4 - Resume";
			};
			name = Release;
		};
/* End XCBuildConfiguration section */

/* Begin XCConfigurationList section */
		28AE463C2525F37900CECC41 /* Build configuration list for PBXProject "HW4 - Resume" */ = {
			isa = XCConfigurationList;
			buildConfigurations = (
				28AE46692525F37F00CECC41 /* Debug */,
				28AE466A2525F37F00CECC41 /* Release */,
			);
			defaultConfigurationIsVisible = 0;
			defaultConfigurationName = Release;
		};
		28AE466B2525F37F00CECC41 /* Build configuration list for PBXNativeTarget "HW4 - Resume" */ = {
			isa = XCConfigurationList;
			buildConfigurations = (
				28AE466C2525F37F00CECC41 /* Debug */,
				28AE466D2525F37F00CECC41 /* Release */,
			);
			defaultConfigurationIsVisible = 0;
			defaultConfigurationName = Release;
		};
		28AE466E2525F37F00CECC41 /* Build configuration list for PBXNativeTarget "HW4 - ResumeTests" */ = {
			isa = XCConfigurationList;
			buildConfigurations = (
				28AE466F2525F37F00CECC41 /* Debug */,
				28AE46702525F37F00CECC41 /* Release */,
			);
			defaultConfigurationIsVisible = 0;
			defaultConfigurationName = Release;
		};
		28AE46712525F37F00CECC41 /* Build configuration list for PBXNativeTarget "HW4 - ResumeUITests" */ = {
			isa = XCConfigurationList;
			buildConfigurations = (
				28AE46722525F37F00CECC41 /* Debug */,
				28AE46732525F37F00CECC41 /* Release */,
			);
			defaultConfigurationIsVisible = 0;
			defaultConfigurationName = Release;
		};
/* End XCConfigurationList section */
	};
	rootObject = 28AE46392525F37900CECC41 /* Project object */;
}
